
Microsoft Visual Studio Solution File, Format Version 12.00
# Visual Studio Version 16
VisualStudioVersion = 16.0.31112.23
MinimumVisualStudioVersion = 10.0.40219.1
Project("{FAE04EC0-301F-11D3-BF4B-00C04F79EFBC}") = "RasterAlgorithms", "RasterAlgorithms\RasterAlgorithms.csproj", "{958FAF04-2D7D-4777-AC35-E8BC713CEEB6}"
EndProject
Global
	GlobalSection(SolutionConfigurationPlatforms) = preSolution
		Debug|Any CPU = Debug|Any CPU
		Release|Any CPU = Release|Any CPU
	EndGlobalSection
	GlobalSection(ProjectConfigurationPlatforms) = postSolution
		{958FAF04-2D7D-4777-AC35-E8BC713CEEB6}.Debug|Any CPU.ActiveCfg = Debug|Any CPU
		{958FAF04-2D7D-4777-AC35-E8BC713CEEB6}.Debug|Any CPU.Build.0 = Debug|Any CPU
		{958FAF04-2D7D-4777-AC35-E8BC713CEEB6}.Release|Any CPU.ActiveCfg = Release|Any CPU
		{958FAF04-2D7D-4777-AC35-E8BC713CEEB6}.Release|Any CPU.Build.0 = Release|Any CPU
	EndGlobalSection
	GlobalSection(SolutionProperties) = preSolution
		HideSolutionNode = FALSE
	EndGlobalSection
	GlobalSection(ExtensibilityGlobals) = postSolution
		SolutionGuid = {FA3C411D-35EF-44E3-9E63-21AAE80FF6B2}
	EndGlobalSection
EndGlobal
